
Microsoft Visual Studio Solution File, Format Version 12.00
# Visual Studio Version 16
VisualStudioVersion = 25.0.1704.3
MinimumVisualStudioVersion = 10.0.40219.1
Project("{FAE04EC0-301F-11D3-BF4B-00C04F79EFBC}") = "SelectionStatementsExercise", "SelectionStatementsExercise\SelectionStatementsExercise.csproj", "{7C53A23C-40F1-451A-9972-08E9954E51F8}"
EndProject
Global
	GlobalSection(SolutionConfigurationPlatforms) = preSolution
		Debug|Any CPU = Debug|Any CPU
		Release|Any CPU = Release|Any CPU
	EndGlobalSection
	GlobalSection(ProjectConfigurationPlatforms) = postSolution
		{7C53A23C-40F1-451A-9972-08E9954E51F8}.Debug|Any CPU.ActiveCfg = Debug|Any CPU
		{7C53A23C-40F1-451A-9972-08E9954E51F8}.Debug|Any CPU.Build.0 = Debug|Any CPU
		{7C53A23C-40F1-451A-9972-08E9954E51F8}.Release|Any CPU.ActiveCfg = Release|Any CPU
		{7C53A23C-40F1-451A-9972-08E9954E51F8}.Release|Any CPU.Build.0 = Release|Any CPU
	EndGlobalSection
	GlobalSection(SolutionProperties) = preSolution
		HideSolutionNode = FALSE
	EndGlobalSection
	GlobalSection(ExtensibilityGlobals) = postSolution
		SolutionGuid = {27A5F3C6-C624-4A20-AD50-6A6A53397E7B}
	EndGlobalSection
EndGlobal
